
Microsoft Visual Studio Solution File, Format Version 12.00
# Visual Studio Version 17
VisualStudioVersion = 17.14.36109.1 d17.14
MinimumVisualStudioVersion = 10.0.40219.1
Project("{FAE04EC0-301F-11D3-BF4B-00C04F79EFBC}") = "UWPTechLearningApp", "UWPTechLearningApp.csproj", "{6B651D2E-9A87-4A76-8019-4CDFF08396C3}"
EndProject
Global
	GlobalSection(SolutionConfigurationPlatforms) = preSolution
		Debug|Any CPU = Debug|Any CPU
		Release|Any CPU = Release|Any CPU
	EndGlobalSection
	GlobalSection(ProjectConfigurationPlatforms) = postSolution
		{6B651D2E-9A87-4A76-8019-4CDFF08396C3}.Debug|Any CPU.ActiveCfg = Debug|Any CPU
		{6B651D2E-9A87-4A76-8019-4CDFF08396C3}.Debug|Any CPU.Build.0 = Debug|Any CPU
		{6B651D2E-9A87-4A76-8019-4CDFF08396C3}.Release|Any CPU.ActiveCfg = Release|Any CPU
		{6B651D2E-9A87-4A76-8019-4CDFF08396C3}.Release|Any CPU.Build.0 = Release|Any CPU
	EndGlobalSection
	GlobalSection(SolutionProperties) = preSolution
		HideSolutionNode = FALSE
	EndGlobalSection
	GlobalSection(ExtensibilityGlobals) = postSolution
		SolutionGuid = {708C9E62-DF0B-4B22-A208-C26B6767C6A1}
	EndGlobalSection
EndGlobal
